
Microsoft Visual Studio Solution File, Format Version 12.00
# Visual Studio 2013
VisualStudioVersion = 12.0.31101.0
MinimumVisualStudioVersion = 10.0.40219.1
Project("{FAE04EC0-301F-11D3-BF4B-00C04F79EFBC}") = "NBenchmarker.ProofOfConcept", "NBenchmarker.ProofOfConcept\NBenchmarker.ProofOfConcept.csproj", "{7015D3F4-E1D8-43AD-86C2-B89EEB767AF0}"
EndProject
Project("{FAE04EC0-301F-11D3-BF4B-00C04F79EFBC}") = "NBenchmarker", "NBenchmarker\NBenchmarker.csproj", "{8EAAC6D4-8ED5-434D-9840-C53AC32F8855}"
EndProject
Project("{FAE04EC0-301F-11D3-BF4B-00C04F79EFBC}") = "NBenchmarker.Tests", "NBenchmarker.Tests\NBenchmarker.Tests.csproj", "{115A0ADA-9649-4C6F-9707-2DE0B05352CA}"
EndProject
Global
	GlobalSection(SolutionConfigurationPlatforms) = preSolution
		Debug|Any CPU = Debug|Any CPU
		Release|Any CPU = Release|Any CPU
	EndGlobalSection
	GlobalSection(ProjectConfigurationPlatforms) = postSolution
		{7015D3F4-E1D8-43AD-86C2-B89EEB767AF0}.Debug|Any CPU.ActiveCfg = Debug|Any CPU
		{7015D3F4-E1D8-43AD-86C2-B89EEB767AF0}.Debug|Any CPU.Build.0 = Debug|Any CPU
		{7015D3F4-E1D8-43AD-86C2-B89EEB767AF0}.Release|Any CPU.ActiveCfg = Release|Any CPU
		{7015D3F4-E1D8-43AD-86C2-B89EEB767AF0}.Release|Any CPU.Build.0 = Release|Any CPU
		{8EAAC6D4-8ED5-434D-9840-C53AC32F8855}.Debug|Any CPU.ActiveCfg = Debug|Any CPU
		{8EAAC6D4-8ED5-434D-9840-C53AC32F8855}.Debug|Any CPU.Build.0 = Debug|Any CPU
		{8EAAC6D4-8ED5-434D-9840-C53AC32F8855}.Release|Any CPU.ActiveCfg = Release|Any CPU
		{8EAAC6D4-8ED5-434D-9840-C53AC32F8855}.Release|Any CPU.Build.0 = Release|Any CPU
		{115A0ADA-9649-4C6F-9707-2DE0B05352CA}.Debug|Any CPU.ActiveCfg = Debug|Any CPU
		{115A0ADA-9649-4C6F-9707-2DE0B05352CA}.Debug|Any CPU.Build.0 = Debug|Any CPU
		{115A0ADA-9649-4C6F-9707-2DE0B05352CA}.Release|Any CPU.ActiveCfg = Release|Any CPU
		{115A0ADA-9649-4C6F-9707-2DE0B05352CA}.Release|Any CPU.Build.0 = Release|Any CPU
	EndGlobalSection
	GlobalSection(SolutionProperties) = preSolution
		HideSolutionNode = FALSE
	EndGlobalSection
EndGlobal
